// !$*UTF8*$!
{
	archiveVersion = 1;
	classes = {
	};
	objectVersion = 50;
	objects = {

/* Begin PBXBuildFile section */
		366A89D7253C93BC00416720 /* AppDelegate.swift in Sources */ = {isa = PBXBuildFile; fileRef = 366A89D6253C93BC00416720 /* AppDelegate.swift */; };
		366A89D9253C93BC00416720 /* SceneDelegate.swift in Sources */ = {isa = PBXBuildFile; fileRef = 366A89D8253C93BC00416720 /* SceneDelegate.swift */; };
		366A89DB253C93BC00416720 /* ViewController.swift in Sources */ = {isa = PBXBuildFile; fileRef = 366A89DA253C93BC00416720 /* ViewController.swift */; };
		366A89DE253C93BC00416720 /* Main.storyboard in Resources */ = {isa = PBXBuildFile; fileRef = 366A89DC253C93BC00416720 /* Main.storyboard */; };
		366A89E0253C93BF00416720 /* Assets.xcassets in Resources */ = {isa = PBXBuildFile; fileRef = 366A89DF253C93BF00416720 /* Assets.xcassets */; };
		366A89E3253C93BF00416720 /* LaunchScreen.storyboard in Resources */ = {isa = PBXBuildFile; fileRef = 366A89E1253C93BF00416720 /* LaunchScreen.storyboard */; };
		366A89EC253C94C200416720 /* TableViewController.swift in Sources */ = {isa = PBXBuildFile; fileRef = 366A89EB253C94C200416720 /* TableViewController.swift */; };
/* End PBXBuildFile section */

/* Begin PBXFileReference section */
		366A89D3253C93BC00416720 /* AppDojoSalonTask11.app */ = {isa = PBXFileReference; explicitFileType = wrapper.application; includeInIndex = 0; path = AppDojoSalonTask11.app; sourceTree = BUILT_PRODUCTS_DIR; };
		366A89D6253C93BC00416720 /* AppDelegate.swift */ = {isa = PBXFileReference; lastKnownFileType = sourcecode.swift; path = AppDelegate.swift; sourceTree = "<group>"; };
		366A89D8253C93BC00416720 /* SceneDelegate.swift */ = {isa = PBXFileReference; lastKnownFileType = sourcecode.swift; path = SceneDelegate.swift; sourceTree = "<group>"; };
		366A89DA253C93BC00416720 /* ViewController.swift */ = {isa = PBXFileReference; lastKnownFileType = sourcecode.swift; path = ViewController.swift; sourceTree = "<group>"; };
		366A89DD253C93BC00416720 /* Base */ = {isa = PBXFileReference; lastKnownFileType = file.storyboard; name = Base; path = Base.lproj/Main.storyboard; sourceTree = "<group>"; };
		366A89DF253C93BF00416720 /* Assets.xcassets */ = {isa = PBXFileReference; lastKnownFileType = folder.assetcatalog; path = Assets.xcassets; sourceTree = "<group>"; };
		366A89E2253C93BF00416720 /* Base */ = {isa = PBXFileReference; lastKnownFileType = file.storyboard; name = Base; path = Base.lproj/LaunchScreen.storyboard; sourceTree = "<group>"; };
		366A89E4253C93BF00416720 /* Info.plist */ = {isa = PBXFileReference; lastKnownFileType = text.plist.xml; path = Info.plist; sourceTree = "<group>"; };
		366A89EB253C94C200416720 /* TableViewController.swift */ = {isa = PBXFileReference; lastKnownFileType = sourcecode.swift; path = TableViewController.swift; sourceTree = "<group>"; };
/* End PBXFileReference section */

/* Begin PBXFrameworksBuildPhase section */
		366A89D0253C93BC00416720 /* Frameworks */ = {
			isa = PBXFrameworksBuildPhase;
			buildActionMask = 2147483647;
			files = (
			);
			runOnlyForDeploymentPostprocessing = 0;
		};
/* End PBXFrameworksBuildPhase section */

/* Begin PBXGroup section */
		366A89CA253C93BC00416720 = {
			isa = PBXGroup;
			children = (
				366A89D5253C93BC00416720 /* AppDojoSalonTask11 */,
				366A89D4253C93BC00416720 /* Products */,
			);
			sourceTree = "<group>";
		};
		366A89D4253C93BC00416720 /* Products */ = {
			isa = PBXGroup;
			children = (
				366A89D3253C93BC00416720 /* AppDojoSalonTask11.app */,
			);
			name = Products;
			sourceTree = "<group>";
		};
		366A89D5253C93BC00416720 /* AppDojoSalonTask11 */ = {
			isa = PBXGroup;
			children = (
				366A89D6253C93BC00416720 /* AppDelegate.swift */,
				366A89D8253C93BC00416720 /* SceneDelegate.swift */,
				366A89DA253C93BC00416720 /* ViewController.swift */,
				366A89EB253C94C200416720 /* TableViewController.swift */,
				366A89DC253C93BC00416720 /* Main.storyboard */,
				366A89DF253C93BF00416720 /* Assets.xcassets */,
				366A89E1253C93BF00416720 /* LaunchScreen.storyboard */,
				366A89E4253C93BF00416720 /* Info.plist */,
			);
			path = AppDojoSalonTask11;
			sourceTree = "<group>";
		};
/* End PBXGroup section */

/* Begin PBXNativeTarget section */
		366A89D2253C93BC00416720 /* AppDojoSalonTask11 */ = {
			isa = PBXNativeTarget;
			buildConfigurationList = 366A89E7253C93BF00416720 /* Build configuration list for PBXNativeTarget "AppDojoSalonTask11" */;
			buildPhases = (
				366A89CF253C93BC00416720 /* Sources */,
				366A89D0253C93BC00416720 /* Frameworks */,
				366A89D1253C93BC00416720 /* Resources */,
			);
			buildRules = (
			);
			dependencies = (
			);
			name = AppDojoSalonTask11;
			productName = AppDojoSalonTask11;
			productReference = 366A89D3253C93BC00416720 /* AppDojoSalonTask11.app */;
			productType = "com.apple.product-type.application";
		};
/* End PBXNativeTarget section */

/* Begin PBXProject section */
		366A89CB253C93BC00416720 /* Project object */ = {
			isa = PBXProject;
			attributes = {
				LastSwiftUpdateCheck = 1200;
				LastUpgradeCheck = 1200;
				TargetAttributes = {
					366A89D2253C93BC00416720 = {
						CreatedOnToolsVersion = 12.0.1;
					};
				};
			};
			buildConfigurationList = 366A89CE253C93BC00416720 /* Build configuration list for PBXProject "AppDojoSalonTask11" */;
			compatibilityVersion = "Xcode 9.3";
			developmentRegion = en;
			hasScannedForEncodings = 0;
			knownRegions = (
				en,
				Base,
			);
			mainGroup = 366A89CA253C93BC00416720;
			productRefGroup = 366A89D4253C93BC00416720 /* Products */;
			projectDirPath = "";
			projectRoot = "";
			targets = (
				366A89D2253C93BC00416720 /* AppDojoSalonTask11 */,
			);
		};
/* End PBXProject section */

/* Begin PBXResourcesBuildPhase section */
		366A89D1253C93BC00416720 /* Resources */ = {
			isa = PBXResourcesBuildPhase;
			buildActionMask = 2147483647;
			files = (
				366A89E3253C93BF00416720 /* LaunchScreen.storyboard in Resources */,
				366A89E0253C93BF00416720 /* Assets.xcassets in Resources */,
				366A89DE253C93BC00416720 /* Main.storyboard in Resources */,
			);
			runOnlyForDeploymentPostprocessing = 0;
		};
/* End PBXResourcesBuildPhase section */

/* Begin PBXSourcesBuildPhase section */
		366A89CF253C93BC00416720 /* Sources */ = {
			isa = PBXSourcesBuildPhase;
			buildActionMask = 2147483647;
			files = (
				366A89EC253C94C200416720 /* TableViewController.swift in Sources */,
				366A89DB253C93BC00416720 /* ViewController.swift in Sources */,
				366A89D7253C93BC00416720 /* AppDelegate.swift in Sources */,
				366A89D9253C93BC00416720 /* SceneDelegate.swift in Sources */,
			);
			runOnlyForDeploymentPostprocessing = 0;
		};
/* End PBXSourcesBuildPhase section */

/* Begin PBXVariantGroup section */
		366A89DC253C93BC00416720 /* Main.storyboard */ = {
			isa = PBXVariantGroup;
			children = (
				366A89DD253C93BC00416720 /* Base */,
			);
			name = Main.storyboard;
			sourceTree = "<group>";
		};
		366A89E1253C93BF00416720 /* LaunchScreen.storyboard */ = {
			isa = PBXVariantGroup;
			children = (
				366A89E2253C93BF00416720 /* Base */,
			);
			name = LaunchScreen.storyboard;
			sourceTree = "<group>";
		};
/* End PBXVariantGroup section */

/* Begin XCBuildConfiguration section */
		366A89E5253C93BF00416720 /* Debug */ = {
			isa = XCBuildConfiguration;
			buildSettings = {
				ALWAYS_SEARCH_USER_PATHS = NO;
				CLANG_ANALYZER_NONNULL = YES;
				CLANG_ANALYZER_NUMBER_OBJECT_CONVERSION = YES_AGGRESSIVE;
				CLANG_CXX_LANGUAGE_STANDARD = "gnu++14";
				CLANG_CXX_LIBRARY = "libc++";
				CLANG_ENABLE_MODULES = YES;
				CLANG_ENABLE_OBJC_ARC = YES;
				CLANG_ENABLE_OBJC_WEAK = YES;
				CLANG_WARN_BLOCK_CAPTURE_AUTORELEASING = YES;
				CLANG_WARN_BOOL_CONVERSION = YES;
				CLANG_WARN_COMMA = YES;
				CLANG_WARN_CONSTANT_CONVERSION = YES;
				CLANG_WARN_DEPRECATED_OBJC_IMPLEMENTATIONS = YES;
				CLANG_WARN_DIRECT_OBJC_ISA_USAGE = YES_ERROR;
				CLANG_WARN_DOCUMENTATION_COMMENTS = YES;
				CLANG_WARN_EMPTY_BODY = YES;
				CLANG_WARN_ENUM_CONVERSION = YES;
				CLANG_WARN_INFINITE_RECURSION = YES;
				CLANG_WARN_INT_CONVERSION = YES;
				CLANG_WARN_NON_LITERAL_NULL_CONVERSION = YES;
				CLANG_WARN_OBJC_IMPLICIT_RETAIN_SELF = YES;
				CLANG_WARN_OBJC_LITERAL_CONVERSION = YES;
				CLANG_WARN_OBJC_ROOT_CLASS = YES_ERROR;
				CLANG_WARN_QUOTED_INCLUDE_IN_FRAMEWORK_HEADER = YES;
				CLANG_WARN_RANGE_LOOP_ANALYSIS = YES;
				CLANG_WARN_STRICT_PROTOTYPES = YES;
				CLANG_WARN_SUSPICIOUS_MOVE = YES;
				CLANG_WARN_UNGUARDED_AVAILABILITY = YES_AGGRESSIVE;
				CLANG_WARN_UNREACHABLE_CODE = YES;
				CLANG_WARN__DUPLICATE_METHOD_MATCH = YES;
				COPY_PHASE_STRIP = NO;
				DEBUG_INFORMATION_FORMAT = dwarf;
				ENABLE_STRICT_OBJC_MSGSEND = YES;
				ENABLE_TESTABILITY = YES;
				GCC_C_LANGUAGE_STANDARD = gnu11;
				GCC_DYNAMIC_NO_PIC = NO;
				GCC_NO_COMMON_BLOCKS = YES;
				GCC_OPTIMIZATION_LEVEL = 0;
				GCC_PREPROCESSOR_DEFINITIONS = (
					"DEBUG=1",
					"$(inherited)",
				);
				GCC_WARN_64_TO_32_BIT_CONVERSION = YES;
				GCC_WARN_ABOUT_RETURN_TYPE = YES_ERROR;
				GCC_WARN_UNDECLARED_SELECTOR = YES;
				GCC_WARN_UNINITIALIZED_AUTOS = YES_AGGRESSIVE;
				GCC_WARN_UNUSED_FUNCTION = YES;
				GCC_WARN_UNUSED_VARIABLE = YES;
				IPHONEOS_DEPLOYMENT_TARGET = 14.0;
				MTL_ENABLE_DEBUG_INFO = INCLUDE_SOURCE;
				MTL_FAST_MATH = YES;
				ONLY_ACTIVE_ARCH = YES;
				SDKROOT = iphoneos;
				SWIFT_ACTIVE_COMPILATION_CONDITIONS = DEBUG;
				SWIFT_OPTIMIZATION_LEVEL = "-Onone";
			};
			name = Debug;
		};
		366A89E6253C93BF00416720 /* Release */ = {
			isa = XCBuildConfiguration;
			buildSettings = {
				ALWAYS_SEARCH_USER_PATHS = NO;
				CLANG_ANALYZER_NONNULL = YES;
				CLANG_ANALYZER_NUMBER_OBJECT_CONVERSION = YES_AGGRESSIVE;
				CLANG_CXX_LANGUAGE_STANDARD = "gnu++14";
				CLANG_CXX_LIBRARY = "libc++";
				CLANG_ENABLE_MODULES = YES;
				CLANG_ENABLE_OBJC_ARC = YES;
				CLANG_ENABLE_OBJC_WEAK = YES;
				CLANG_WARN_BLOCK_CAPTURE_AUTORELEASING = YES;
				CLANG_WARN_BOOL_CONVERSION = YES;
				CLANG_WARN_COMMA = YES;
				CLANG_WARN_CONSTANT_CONVERSION = YES;
				CLANG_WARN_DEPRECATED_OBJC_IMPLEMENTATIONS = YES;
				CLANG_WARN_DIRECT_OBJC_ISA_USAGE = YES_ERROR;
				CLANG_WARN_DOCUMENTATION_COMMENTS = YES;
				CLANG_WARN_EMPTY_BODY = YES;
				CLANG_WARN_ENUM_CONVERSION = YES;
				CLANG_WARN_INFINITE_RECURSION = YES;
				CLANG_WARN_INT_CONVERSION = YES;
				CLANG_WARN_NON_LITERAL_NULL_CONVERSION = YES;
				CLANG_WARN_OBJC_IMPLICIT_RETAIN_SELF = YES;
				CLANG_WARN_OBJC_LITERAL_CONVERSION = YES;
				CLANG_WARN_OBJC_ROOT_CLASS = YES_ERROR;
				CLANG_WARN_QUOTED_INCLUDE_IN_FRAMEWORK_HEADER = YES;
				CLANG_WARN_RANGE_LOOP_ANALYSIS = YES;
				CLANG_WARN_STRICT_PROTOTYPES = YES;
				CLANG_WARN_SUSPICIOUS_MOVE = YES;
				CLANG_WARN_UNGUARDED_AVAILABILITY = YES_AGGRESSIVE;
				CLANG_WARN_UNREACHABLE_CODE = YES;
				CLANG_WARN__DUPLICATE_METHOD_MATCH = YES;
				COPY_PHASE_STRIP = NO;
				DEBUG_INFORMATION_FORMAT = "dwarf-with-dsym";
				ENABLE_NS_ASSERTIONS = NO;
				ENABLE_STRICT_OBJC_MSGSEND = YES;
				GCC_C_LANGUAGE_STANDARD = gnu11;
				GCC_NO_COMMON_BLOCKS = YES;
				GCC_WARN_64_TO_32_BIT_CONVERSION = YES;
				GCC_WARN_ABOUT_RETURN_TYPE = YES_ERROR;
				GCC_WARN_UNDECLARED_SELECTOR = YES;
				GCC_WARN_UNINITIALIZED_AUTOS = YES_AGGRESSIVE;
				GCC_WARN_UNUSED_FUNCTION = YES;
				GCC_WARN_UNUSED_VARIABLE = YES;
				IPHONEOS_DEPLOYMENT_TARGET = 14.0;
				MTL_ENABLE_DEBUG_INFO = NO;
				MTL_FAST_MATH = YES;
				SDKROOT = iphoneos;
				SWIFT_COMPILATION_MODE = wholemodule;
				SWIFT_OPTIMIZATION_LEVEL = "-O";
				VALIDATE_PRODUCT = YES;
			};
			name = Release;
		};
		366A89E8253C93BF00416720 /* Debug */ = {
			isa = XCBuildConfiguration;
			buildSettings = {
				ASSETCATALOG_COMPILER_APPICON_NAME = AppIcon;
				ASSETCATALOG_COMPILER_GLOBAL_ACCENT_COLOR_NAME = AccentColor;
				CODE_SIGN_STYLE = Automatic;
				DEVELOPMENT_TEAM = 5KY6W6RNWC;
				INFOPLIST_FILE = AppDojoSalonTask11/Info.plist;
				LD_RUNPATH_SEARCH_PATHS = (
					"$(inherited)",
					"@executable_path/Frameworks",
				);
				PRODUCT_BUNDLE_IDENTIFIER = "com.joji-engineer.AppDojoSalonTask11";
				PRODUCT_NAME = "$(TARGET_NAME)";
				SWIFT_VERSION = 5.0;
				TARGETED_DEVICE_FAMILY = "1,2";
			};
			name = Debug;
		};
		366A89E9253C93BF00416720 /* Release */ = {
			isa = XCBuildConfiguration;
			buildSettings = {
				ASSETCATALOG_COMPILER_APPICON_NAME = AppIcon;
				ASSETCATALOG_COMPILER_GLOBAL_ACCENT_COLOR_NAME = AccentColor;
				CODE_SIGN_STYLE = Automatic;
				DEVELOPMENT_TEAM = 5KY6W6RNWC;
				INFOPLIST_FILE = AppDojoSalonTask11/Info.plist;
				LD_RUNPATH_SEARCH_PATHS = (
					"$(inherited)",
					"@executable_path/Frameworks",
				);
				PRODUCT_BUNDLE_IDENTIFIER = "com.joji-engineer.AppDojoSalonTask11";
				PRODUCT_NAME = "$(TARGET_NAME)";
				SWIFT_VERSION = 5.0;
				TARGETED_DEVICE_FAMILY = "1,2";
			};
			name = Release;
		};
/* End XCBuildConfiguration section */

/* Begin XCConfigurationList section */
		366A89CE253C93BC00416720 /* Build configuration list for PBXProject "AppDojoSalonTask11" */ = {
			isa = XCConfigurationList;
			buildConfigurations = (
				366A89E5253C93BF00416720 /* Debug */,
				366A89E6253C93BF00416720 /* Release */,
			);
			defaultConfigurationIsVisible = 0;
			defaultConfigurationName = Release;
		};
		366A89E7253C93BF00416720 /* Build configuration list for PBXNativeTarget "AppDojoSalonTask11" */ = {
			isa = XCConfigurationList;
			buildConfigurations = (
				366A89E8253C93BF00416720 /* Debug */,
				366A89E9253C93BF00416720 /* Release */,
			);
			defaultConfigurationIsVisible = 0;
			defaultConfigurationName = Release;
		};
/* End XCConfigurationList section */
	};
	rootObject = 366A89CB253C93BC00416720 /* Project object */;
}
